
Microsoft Visual Studio Solution File, Format Version 12.00
# Visual Studio 15
VisualStudioVersion = 15.0.27703.2018
MinimumVisualStudioVersion = 10.0.40219.1
Project("{FAE04EC0-301F-11D3-BF4B-00C04F79EFBC}") = "ChangeReturn", "ChangeReturn\ChangeReturn.csproj", "{FF85E71B-E8F7-4172-AE0F-6E7892741850}"
EndProject
Project("{FAE04EC0-301F-11D3-BF4B-00C04F79EFBC}") = "ChangeReturn.UnitTests", "ChangeReturn.UnitTests\ChangeReturn.UnitTests.csproj", "{C54CE1FC-61E8-4D7D-B8E5-2F95CDA93C9B}"
EndProject
Global
	GlobalSection(SolutionConfigurationPlatforms) = preSolution
		Debug|Any CPU = Debug|Any CPU
		Release|Any CPU = Release|Any CPU
	EndGlobalSection
	GlobalSection(ProjectConfigurationPlatforms) = postSolution
		{FF85E71B-E8F7-4172-AE0F-6E7892741850}.Debug|Any CPU.ActiveCfg = Debug|Any CPU
		{FF85E71B-E8F7-4172-AE0F-6E7892741850}.Debug|Any CPU.Build.0 = Debug|Any CPU
		{FF85E71B-E8F7-4172-AE0F-6E7892741850}.Release|Any CPU.ActiveCfg = Release|Any CPU
		{FF85E71B-E8F7-4172-AE0F-6E7892741850}.Release|Any CPU.Build.0 = Release|Any CPU
		{C54CE1FC-61E8-4D7D-B8E5-2F95CDA93C9B}.Debug|Any CPU.ActiveCfg = Debug|Any CPU
		{C54CE1FC-61E8-4D7D-B8E5-2F95CDA93C9B}.Debug|Any CPU.Build.0 = Debug|Any CPU
		{C54CE1FC-61E8-4D7D-B8E5-2F95CDA93C9B}.Release|Any CPU.ActiveCfg = Release|Any CPU
		{C54CE1FC-61E8-4D7D-B8E5-2F95CDA93C9B}.Release|Any CPU.Build.0 = Release|Any CPU
	EndGlobalSection
	GlobalSection(SolutionProperties) = preSolution
		HideSolutionNode = FALSE
	EndGlobalSection
	GlobalSection(ExtensibilityGlobals) = postSolution
		SolutionGuid = {92D1BA36-C697-4ABD-BA6D-FF50E465A67B}
	EndGlobalSection
EndGlobal
