
Microsoft Visual Studio Solution File, Format Version 12.00
# Visual Studio 15
VisualStudioVersion = 15.0.27703.2018
MinimumVisualStudioVersion = 10.0.40219.1
Project("{FAE04EC0-301F-11D3-BF4B-00C04F79EFBC}") = "RomanNumerals2", "RomanNumerals2\RomanNumerals2.csproj", "{6BA5B6F5-EDCD-4AB6-BA63-B397F46AAE01}"
EndProject
Project("{FAE04EC0-301F-11D3-BF4B-00C04F79EFBC}") = "RomanNumerals2.UnitTests", "RomanNumerals2.UnitTests\RomanNumerals2.UnitTests.csproj", "{1C582179-C618-4B89-B001-3C9AC920A966}"
EndProject
Global
	GlobalSection(SolutionConfigurationPlatforms) = preSolution
		Debug|Any CPU = Debug|Any CPU
		Release|Any CPU = Release|Any CPU
	EndGlobalSection
	GlobalSection(ProjectConfigurationPlatforms) = postSolution
		{6BA5B6F5-EDCD-4AB6-BA63-B397F46AAE01}.Debug|Any CPU.ActiveCfg = Debug|Any CPU
		{6BA5B6F5-EDCD-4AB6-BA63-B397F46AAE01}.Debug|Any CPU.Build.0 = Debug|Any CPU
		{6BA5B6F5-EDCD-4AB6-BA63-B397F46AAE01}.Release|Any CPU.ActiveCfg = Release|Any CPU
		{6BA5B6F5-EDCD-4AB6-BA63-B397F46AAE01}.Release|Any CPU.Build.0 = Release|Any CPU
		{1C582179-C618-4B89-B001-3C9AC920A966}.Debug|Any CPU.ActiveCfg = Debug|Any CPU
		{1C582179-C618-4B89-B001-3C9AC920A966}.Debug|Any CPU.Build.0 = Debug|Any CPU
		{1C582179-C618-4B89-B001-3C9AC920A966}.Release|Any CPU.ActiveCfg = Release|Any CPU
		{1C582179-C618-4B89-B001-3C9AC920A966}.Release|Any CPU.Build.0 = Release|Any CPU
	EndGlobalSection
	GlobalSection(SolutionProperties) = preSolution
		HideSolutionNode = FALSE
	EndGlobalSection
	GlobalSection(ExtensibilityGlobals) = postSolution
		SolutionGuid = {5EE9899A-BCBB-45D7-A7E1-F71A9E059B01}
	EndGlobalSection
EndGlobal
