
Microsoft Visual Studio Solution File, Format Version 12.00
# Visual Studio 15
VisualStudioVersion = 15.0.27428.2043
MinimumVisualStudioVersion = 10.0.40219.1
Project("{FAE04EC0-301F-11D3-BF4B-00C04F79EFBC}") = "MinMaxTemperature", "MinMaxTemperature\MinMaxTemperature.csproj", "{BE04D576-EE91-43D1-97EC-D30FDD6446E3}"
EndProject
Project("{FAE04EC0-301F-11D3-BF4B-00C04F79EFBC}") = "MinMaxTemperature.UnitTests", "MinMaxTemperature.UnitTests\MinMaxTemperature.UnitTests.csproj", "{7D7CB8ED-2DC1-4E53-8C4F-038B3A91DCD7}"
EndProject
Global
	GlobalSection(SolutionConfigurationPlatforms) = preSolution
		Debug|Any CPU = Debug|Any CPU
		Release|Any CPU = Release|Any CPU
	EndGlobalSection
	GlobalSection(ProjectConfigurationPlatforms) = postSolution
		{BE04D576-EE91-43D1-97EC-D30FDD6446E3}.Debug|Any CPU.ActiveCfg = Debug|Any CPU
		{BE04D576-EE91-43D1-97EC-D30FDD6446E3}.Debug|Any CPU.Build.0 = Debug|Any CPU
		{BE04D576-EE91-43D1-97EC-D30FDD6446E3}.Release|Any CPU.ActiveCfg = Release|Any CPU
		{BE04D576-EE91-43D1-97EC-D30FDD6446E3}.Release|Any CPU.Build.0 = Release|Any CPU
		{7D7CB8ED-2DC1-4E53-8C4F-038B3A91DCD7}.Debug|Any CPU.ActiveCfg = Debug|Any CPU
		{7D7CB8ED-2DC1-4E53-8C4F-038B3A91DCD7}.Debug|Any CPU.Build.0 = Debug|Any CPU
		{7D7CB8ED-2DC1-4E53-8C4F-038B3A91DCD7}.Release|Any CPU.ActiveCfg = Release|Any CPU
		{7D7CB8ED-2DC1-4E53-8C4F-038B3A91DCD7}.Release|Any CPU.Build.0 = Release|Any CPU
	EndGlobalSection
	GlobalSection(SolutionProperties) = preSolution
		HideSolutionNode = FALSE
	EndGlobalSection
	GlobalSection(ExtensibilityGlobals) = postSolution
		SolutionGuid = {C8BACDFD-3815-4B97-AB1A-D6933EE738BA}
	EndGlobalSection
EndGlobal
