
Microsoft Visual Studio Solution File, Format Version 12.00
# Visual Studio 15
VisualStudioVersion = 15.0.27703.2000
MinimumVisualStudioVersion = 10.0.40219.1
Project("{FAE04EC0-301F-11D3-BF4B-00C04F79EFBC}") = "DivisibilityByThirteen", "DivisibilityByThirteen\DivisibilityByThirteen.csproj", "{E8972564-B513-4822-8ED9-9F4AF6CE676B}"
EndProject
Project("{FAE04EC0-301F-11D3-BF4B-00C04F79EFBC}") = "DivisibilityByThirteen.UnitTests", "DivisibilityByThirteen.UnitTests\DivisibilityByThirteen.UnitTests.csproj", "{E5C68EA0-9DC7-46B5-B78C-F81532559A22}"
EndProject
Global
	GlobalSection(SolutionConfigurationPlatforms) = preSolution
		Debug|Any CPU = Debug|Any CPU
		Release|Any CPU = Release|Any CPU
	EndGlobalSection
	GlobalSection(ProjectConfigurationPlatforms) = postSolution
		{E8972564-B513-4822-8ED9-9F4AF6CE676B}.Debug|Any CPU.ActiveCfg = Debug|Any CPU
		{E8972564-B513-4822-8ED9-9F4AF6CE676B}.Debug|Any CPU.Build.0 = Debug|Any CPU
		{E8972564-B513-4822-8ED9-9F4AF6CE676B}.Release|Any CPU.ActiveCfg = Release|Any CPU
		{E8972564-B513-4822-8ED9-9F4AF6CE676B}.Release|Any CPU.Build.0 = Release|Any CPU
		{E5C68EA0-9DC7-46B5-B78C-F81532559A22}.Debug|Any CPU.ActiveCfg = Debug|Any CPU
		{E5C68EA0-9DC7-46B5-B78C-F81532559A22}.Debug|Any CPU.Build.0 = Debug|Any CPU
		{E5C68EA0-9DC7-46B5-B78C-F81532559A22}.Release|Any CPU.ActiveCfg = Release|Any CPU
		{E5C68EA0-9DC7-46B5-B78C-F81532559A22}.Release|Any CPU.Build.0 = Release|Any CPU
	EndGlobalSection
	GlobalSection(SolutionProperties) = preSolution
		HideSolutionNode = FALSE
	EndGlobalSection
	GlobalSection(ExtensibilityGlobals) = postSolution
		SolutionGuid = {B02660A6-7C31-44C4-A559-568B3AC0E069}
	EndGlobalSection
EndGlobal
