
Microsoft Visual Studio Solution File, Format Version 12.00
# Visual Studio 15
VisualStudioVersion = 15.0.27703.2026
MinimumVisualStudioVersion = 10.0.40219.1
Project("{FAE04EC0-301F-11D3-BF4B-00C04F79EFBC}") = "PigLatin1", "PigLatin1\PigLatin1.csproj", "{82EA612D-C75A-45AB-9DDC-AFE69FC474B2}"
EndProject
Project("{FAE04EC0-301F-11D3-BF4B-00C04F79EFBC}") = "PigLatin1.UnitTests", "PigLatin1.UnitTests\PigLatin1.UnitTests.csproj", "{DD8026EF-F316-48C5-84E9-4050D3DB7B24}"
EndProject
Global
	GlobalSection(SolutionConfigurationPlatforms) = preSolution
		Debug|Any CPU = Debug|Any CPU
		Release|Any CPU = Release|Any CPU
	EndGlobalSection
	GlobalSection(ProjectConfigurationPlatforms) = postSolution
		{82EA612D-C75A-45AB-9DDC-AFE69FC474B2}.Debug|Any CPU.ActiveCfg = Debug|Any CPU
		{82EA612D-C75A-45AB-9DDC-AFE69FC474B2}.Debug|Any CPU.Build.0 = Debug|Any CPU
		{82EA612D-C75A-45AB-9DDC-AFE69FC474B2}.Release|Any CPU.ActiveCfg = Release|Any CPU
		{82EA612D-C75A-45AB-9DDC-AFE69FC474B2}.Release|Any CPU.Build.0 = Release|Any CPU
		{DD8026EF-F316-48C5-84E9-4050D3DB7B24}.Debug|Any CPU.ActiveCfg = Debug|Any CPU
		{DD8026EF-F316-48C5-84E9-4050D3DB7B24}.Debug|Any CPU.Build.0 = Debug|Any CPU
		{DD8026EF-F316-48C5-84E9-4050D3DB7B24}.Release|Any CPU.ActiveCfg = Release|Any CPU
		{DD8026EF-F316-48C5-84E9-4050D3DB7B24}.Release|Any CPU.Build.0 = Release|Any CPU
	EndGlobalSection
	GlobalSection(SolutionProperties) = preSolution
		HideSolutionNode = FALSE
	EndGlobalSection
	GlobalSection(ExtensibilityGlobals) = postSolution
		SolutionGuid = {C81927B3-51B3-4650-A499-9F761B310DF7}
	EndGlobalSection
EndGlobal
