
Microsoft Visual Studio Solution File, Format Version 12.00
# Visual Studio 15
VisualStudioVersion = 15.0.27703.2018
MinimumVisualStudioVersion = 10.0.40219.1
Project("{FAE04EC0-301F-11D3-BF4B-00C04F79EFBC}") = "RomanNumerals", "RomanNumerals\RomanNumerals.csproj", "{1B3C11B7-F91C-4441-AA0D-8C2761D79592}"
EndProject
Project("{FAE04EC0-301F-11D3-BF4B-00C04F79EFBC}") = "RomanNumerals.UnitTests", "RomanNumerals.UnitTests\RomanNumerals.UnitTests.csproj", "{3FF7CE9A-5C75-4384-9161-8C57B5FD76BA}"
EndProject
Global
	GlobalSection(SolutionConfigurationPlatforms) = preSolution
		Debug|Any CPU = Debug|Any CPU
		Release|Any CPU = Release|Any CPU
	EndGlobalSection
	GlobalSection(ProjectConfigurationPlatforms) = postSolution
		{1B3C11B7-F91C-4441-AA0D-8C2761D79592}.Debug|Any CPU.ActiveCfg = Debug|Any CPU
		{1B3C11B7-F91C-4441-AA0D-8C2761D79592}.Debug|Any CPU.Build.0 = Debug|Any CPU
		{1B3C11B7-F91C-4441-AA0D-8C2761D79592}.Release|Any CPU.ActiveCfg = Release|Any CPU
		{1B3C11B7-F91C-4441-AA0D-8C2761D79592}.Release|Any CPU.Build.0 = Release|Any CPU
		{3FF7CE9A-5C75-4384-9161-8C57B5FD76BA}.Debug|Any CPU.ActiveCfg = Debug|Any CPU
		{3FF7CE9A-5C75-4384-9161-8C57B5FD76BA}.Debug|Any CPU.Build.0 = Debug|Any CPU
		{3FF7CE9A-5C75-4384-9161-8C57B5FD76BA}.Release|Any CPU.ActiveCfg = Release|Any CPU
		{3FF7CE9A-5C75-4384-9161-8C57B5FD76BA}.Release|Any CPU.Build.0 = Release|Any CPU
	EndGlobalSection
	GlobalSection(SolutionProperties) = preSolution
		HideSolutionNode = FALSE
	EndGlobalSection
	GlobalSection(ExtensibilityGlobals) = postSolution
		SolutionGuid = {DB8589B5-59AD-40AB-A05B-9671BA879226}
	EndGlobalSection
EndGlobal
