
Microsoft Visual Studio Solution File, Format Version 12.00
# Visual Studio 15
VisualStudioVersion = 15.0.27703.2018
MinimumVisualStudioVersion = 10.0.40219.1
Project("{FAE04EC0-301F-11D3-BF4B-00C04F79EFBC}") = "CompleteThePattern.UnitTests", "CompleteThePattern.UnitTests\CompleteThePattern.UnitTests.csproj", "{6277CBC1-B194-4DF9-B6D7-AA7C6259C714}"
EndProject
Project("{FAE04EC0-301F-11D3-BF4B-00C04F79EFBC}") = "CompleteThePattern", "CompleteThePattern1\CompleteThePattern.csproj", "{782A4381-2C01-45BC-B682-B7637EE7920A}"
EndProject
Global
	GlobalSection(SolutionConfigurationPlatforms) = preSolution
		Debug|Any CPU = Debug|Any CPU
		Release|Any CPU = Release|Any CPU
	EndGlobalSection
	GlobalSection(ProjectConfigurationPlatforms) = postSolution
		{6277CBC1-B194-4DF9-B6D7-AA7C6259C714}.Debug|Any CPU.ActiveCfg = Debug|Any CPU
		{6277CBC1-B194-4DF9-B6D7-AA7C6259C714}.Debug|Any CPU.Build.0 = Debug|Any CPU
		{6277CBC1-B194-4DF9-B6D7-AA7C6259C714}.Release|Any CPU.ActiveCfg = Release|Any CPU
		{6277CBC1-B194-4DF9-B6D7-AA7C6259C714}.Release|Any CPU.Build.0 = Release|Any CPU
		{782A4381-2C01-45BC-B682-B7637EE7920A}.Debug|Any CPU.ActiveCfg = Debug|Any CPU
		{782A4381-2C01-45BC-B682-B7637EE7920A}.Debug|Any CPU.Build.0 = Debug|Any CPU
		{782A4381-2C01-45BC-B682-B7637EE7920A}.Release|Any CPU.ActiveCfg = Release|Any CPU
		{782A4381-2C01-45BC-B682-B7637EE7920A}.Release|Any CPU.Build.0 = Release|Any CPU
	EndGlobalSection
	GlobalSection(SolutionProperties) = preSolution
		HideSolutionNode = FALSE
	EndGlobalSection
	GlobalSection(ExtensibilityGlobals) = postSolution
		SolutionGuid = {950285FC-B8B3-4183-AEC5-BCD83F61FE37}
	EndGlobalSection
EndGlobal
