
Microsoft Visual Studio Solution File, Format Version 12.00
# Visual Studio 15
VisualStudioVersion = 15.0.27703.2026
MinimumVisualStudioVersion = 10.0.40219.1
Project("{FAE04EC0-301F-11D3-BF4B-00C04F79EFBC}") = "LongestPhoneCall", "LongestPhoneCall\LongestPhoneCall.csproj", "{E46F7D16-B3E8-4373-A427-06A37B5E1B84}"
EndProject
Project("{FAE04EC0-301F-11D3-BF4B-00C04F79EFBC}") = "LongestPhoneCall.UnitTests", "LongestPhoneCall.UnitTests\LongestPhoneCall.UnitTests.csproj", "{A8BA1346-7E45-4AFC-AE88-F133DDABFED0}"
EndProject
Global
	GlobalSection(SolutionConfigurationPlatforms) = preSolution
		Debug|Any CPU = Debug|Any CPU
		Release|Any CPU = Release|Any CPU
	EndGlobalSection
	GlobalSection(ProjectConfigurationPlatforms) = postSolution
		{E46F7D16-B3E8-4373-A427-06A37B5E1B84}.Debug|Any CPU.ActiveCfg = Debug|Any CPU
		{E46F7D16-B3E8-4373-A427-06A37B5E1B84}.Debug|Any CPU.Build.0 = Debug|Any CPU
		{E46F7D16-B3E8-4373-A427-06A37B5E1B84}.Release|Any CPU.ActiveCfg = Release|Any CPU
		{E46F7D16-B3E8-4373-A427-06A37B5E1B84}.Release|Any CPU.Build.0 = Release|Any CPU
		{A8BA1346-7E45-4AFC-AE88-F133DDABFED0}.Debug|Any CPU.ActiveCfg = Debug|Any CPU
		{A8BA1346-7E45-4AFC-AE88-F133DDABFED0}.Debug|Any CPU.Build.0 = Debug|Any CPU
		{A8BA1346-7E45-4AFC-AE88-F133DDABFED0}.Release|Any CPU.ActiveCfg = Release|Any CPU
		{A8BA1346-7E45-4AFC-AE88-F133DDABFED0}.Release|Any CPU.Build.0 = Release|Any CPU
	EndGlobalSection
	GlobalSection(SolutionProperties) = preSolution
		HideSolutionNode = FALSE
	EndGlobalSection
	GlobalSection(ExtensibilityGlobals) = postSolution
		SolutionGuid = {B2374DC2-4D17-464B-B8E9-167DBD174441}
	EndGlobalSection
EndGlobal
