
Microsoft Visual Studio Solution File, Format Version 12.00
# Visual Studio 15
VisualStudioVersion = 15.0.27703.2026
MinimumVisualStudioVersion = 10.0.40219.1
Project("{FAE04EC0-301F-11D3-BF4B-00C04F79EFBC}") = "ZerosAndOnes", "ZerosAndOnes\ZerosAndOnes.csproj", "{CDC929AA-5E2A-4BD3-919C-9A70250EA349}"
EndProject
Project("{FAE04EC0-301F-11D3-BF4B-00C04F79EFBC}") = "ZerosAndOnes.UnitTests", "ZerosAndOnes.UnitTests\ZerosAndOnes.UnitTests.csproj", "{88B41502-DF5A-423E-9683-361E3E82A71A}"
EndProject
Global
	GlobalSection(SolutionConfigurationPlatforms) = preSolution
		Debug|Any CPU = Debug|Any CPU
		Release|Any CPU = Release|Any CPU
	EndGlobalSection
	GlobalSection(ProjectConfigurationPlatforms) = postSolution
		{CDC929AA-5E2A-4BD3-919C-9A70250EA349}.Debug|Any CPU.ActiveCfg = Debug|Any CPU
		{CDC929AA-5E2A-4BD3-919C-9A70250EA349}.Debug|Any CPU.Build.0 = Debug|Any CPU
		{CDC929AA-5E2A-4BD3-919C-9A70250EA349}.Release|Any CPU.ActiveCfg = Release|Any CPU
		{CDC929AA-5E2A-4BD3-919C-9A70250EA349}.Release|Any CPU.Build.0 = Release|Any CPU
		{88B41502-DF5A-423E-9683-361E3E82A71A}.Debug|Any CPU.ActiveCfg = Debug|Any CPU
		{88B41502-DF5A-423E-9683-361E3E82A71A}.Debug|Any CPU.Build.0 = Debug|Any CPU
		{88B41502-DF5A-423E-9683-361E3E82A71A}.Release|Any CPU.ActiveCfg = Release|Any CPU
		{88B41502-DF5A-423E-9683-361E3E82A71A}.Release|Any CPU.Build.0 = Release|Any CPU
	EndGlobalSection
	GlobalSection(SolutionProperties) = preSolution
		HideSolutionNode = FALSE
	EndGlobalSection
	GlobalSection(ExtensibilityGlobals) = postSolution
		SolutionGuid = {ADB585C8-B31E-4AEF-858E-F0C478C139D1}
	EndGlobalSection
EndGlobal
