
Microsoft Visual Studio Solution File, Format Version 12.00
# Visual Studio 15
VisualStudioVersion = 15.0.27703.2000
MinimumVisualStudioVersion = 10.0.40219.1
Project("{FAE04EC0-301F-11D3-BF4B-00C04F79EFBC}") = "Mini-Max Sum", "Mini-Max Sum\Mini-Max Sum.csproj", "{AB74B520-667B-4912-9C1C-A1BDE3114F05}"
EndProject
Project("{FAE04EC0-301F-11D3-BF4B-00C04F79EFBC}") = "Mini-MaxSum.UnitTests", "Mini-MaxSum.UnitTests\Mini-MaxSum.UnitTests.csproj", "{94DAC207-6E64-4F33-9E81-5290A7E04889}"
EndProject
Global
	GlobalSection(SolutionConfigurationPlatforms) = preSolution
		Debug|Any CPU = Debug|Any CPU
		Release|Any CPU = Release|Any CPU
	EndGlobalSection
	GlobalSection(ProjectConfigurationPlatforms) = postSolution
		{AB74B520-667B-4912-9C1C-A1BDE3114F05}.Debug|Any CPU.ActiveCfg = Debug|Any CPU
		{AB74B520-667B-4912-9C1C-A1BDE3114F05}.Debug|Any CPU.Build.0 = Debug|Any CPU
		{AB74B520-667B-4912-9C1C-A1BDE3114F05}.Release|Any CPU.ActiveCfg = Release|Any CPU
		{AB74B520-667B-4912-9C1C-A1BDE3114F05}.Release|Any CPU.Build.0 = Release|Any CPU
		{94DAC207-6E64-4F33-9E81-5290A7E04889}.Debug|Any CPU.ActiveCfg = Debug|Any CPU
		{94DAC207-6E64-4F33-9E81-5290A7E04889}.Debug|Any CPU.Build.0 = Debug|Any CPU
		{94DAC207-6E64-4F33-9E81-5290A7E04889}.Release|Any CPU.ActiveCfg = Release|Any CPU
		{94DAC207-6E64-4F33-9E81-5290A7E04889}.Release|Any CPU.Build.0 = Release|Any CPU
	EndGlobalSection
	GlobalSection(SolutionProperties) = preSolution
		HideSolutionNode = FALSE
	EndGlobalSection
	GlobalSection(ExtensibilityGlobals) = postSolution
		SolutionGuid = {F3BBE45C-EFCC-4F0E-A073-5D487E47AAA5}
	EndGlobalSection
EndGlobal
