
Microsoft Visual Studio Solution File, Format Version 12.00
# Visual Studio 15
VisualStudioVersion = 15.0.27703.2026
MinimumVisualStudioVersion = 10.0.40219.1
Project("{FAE04EC0-301F-11D3-BF4B-00C04F79EFBC}") = "Raindrops", "Raindrops\Raindrops.csproj", "{E104E7C5-B487-40E6-B5F7-D660648CB5CC}"
EndProject
Project("{FAE04EC0-301F-11D3-BF4B-00C04F79EFBC}") = "Raindrops.UnitTests", "Raindrops.UnitTests\Raindrops.UnitTests.csproj", "{C304E5CB-5897-434D-A822-262D161E5C22}"
EndProject
Global
	GlobalSection(SolutionConfigurationPlatforms) = preSolution
		Debug|Any CPU = Debug|Any CPU
		Release|Any CPU = Release|Any CPU
	EndGlobalSection
	GlobalSection(ProjectConfigurationPlatforms) = postSolution
		{E104E7C5-B487-40E6-B5F7-D660648CB5CC}.Debug|Any CPU.ActiveCfg = Debug|Any CPU
		{E104E7C5-B487-40E6-B5F7-D660648CB5CC}.Debug|Any CPU.Build.0 = Debug|Any CPU
		{E104E7C5-B487-40E6-B5F7-D660648CB5CC}.Release|Any CPU.ActiveCfg = Release|Any CPU
		{E104E7C5-B487-40E6-B5F7-D660648CB5CC}.Release|Any CPU.Build.0 = Release|Any CPU
		{C304E5CB-5897-434D-A822-262D161E5C22}.Debug|Any CPU.ActiveCfg = Debug|Any CPU
		{C304E5CB-5897-434D-A822-262D161E5C22}.Debug|Any CPU.Build.0 = Debug|Any CPU
		{C304E5CB-5897-434D-A822-262D161E5C22}.Release|Any CPU.ActiveCfg = Release|Any CPU
		{C304E5CB-5897-434D-A822-262D161E5C22}.Release|Any CPU.Build.0 = Release|Any CPU
	EndGlobalSection
	GlobalSection(SolutionProperties) = preSolution
		HideSolutionNode = FALSE
	EndGlobalSection
	GlobalSection(ExtensibilityGlobals) = postSolution
		SolutionGuid = {151E68FD-B478-4C2D-82F5-3E81A6C2171A}
	EndGlobalSection
EndGlobal
