
Microsoft Visual Studio Solution File, Format Version 12.00
# Visual Studio 15
VisualStudioVersion = 15.0.27703.2000
MinimumVisualStudioVersion = 10.0.40219.1
Project("{FAE04EC0-301F-11D3-BF4B-00C04F79EFBC}") = "ConvertToCamelCase", "ConvertToCamelCase\ConvertToCamelCase.csproj", "{A3A44B07-D1F2-4967-92A7-65E3DAC2C559}"
EndProject
Project("{FAE04EC0-301F-11D3-BF4B-00C04F79EFBC}") = "ConvertToCamelCase.UnitTests", "ConvertToCamelCase.UnitTests\ConvertToCamelCase.UnitTests.csproj", "{46604524-4F60-4A2A-8F95-9AE90DE4A684}"
EndProject
Global
	GlobalSection(SolutionConfigurationPlatforms) = preSolution
		Debug|Any CPU = Debug|Any CPU
		Release|Any CPU = Release|Any CPU
	EndGlobalSection
	GlobalSection(ProjectConfigurationPlatforms) = postSolution
		{A3A44B07-D1F2-4967-92A7-65E3DAC2C559}.Debug|Any CPU.ActiveCfg = Debug|Any CPU
		{A3A44B07-D1F2-4967-92A7-65E3DAC2C559}.Debug|Any CPU.Build.0 = Debug|Any CPU
		{A3A44B07-D1F2-4967-92A7-65E3DAC2C559}.Release|Any CPU.ActiveCfg = Release|Any CPU
		{A3A44B07-D1F2-4967-92A7-65E3DAC2C559}.Release|Any CPU.Build.0 = Release|Any CPU
		{46604524-4F60-4A2A-8F95-9AE90DE4A684}.Debug|Any CPU.ActiveCfg = Debug|Any CPU
		{46604524-4F60-4A2A-8F95-9AE90DE4A684}.Debug|Any CPU.Build.0 = Debug|Any CPU
		{46604524-4F60-4A2A-8F95-9AE90DE4A684}.Release|Any CPU.ActiveCfg = Release|Any CPU
		{46604524-4F60-4A2A-8F95-9AE90DE4A684}.Release|Any CPU.Build.0 = Release|Any CPU
	EndGlobalSection
	GlobalSection(SolutionProperties) = preSolution
		HideSolutionNode = FALSE
	EndGlobalSection
	GlobalSection(ExtensibilityGlobals) = postSolution
		SolutionGuid = {823CFAC7-9D25-46A5-9934-4CE8332D4FC7}
	EndGlobalSection
EndGlobal
